
Microsoft Visual Studio Solution File, Format Version 12.00
# Visual Studio 15
VisualStudioVersion = 15.0.28307.168
MinimumVisualStudioVersion = 10.0.40219.1
Project("{FAE04EC0-301F-11D3-BF4B-00C04F79EFBC}") = "LED_AD_BOARD_IMAGE_CONVERTER", "LED_AD_BOARD_IMAGE_CONVERTER\LED_AD_BOARD_IMAGE_CONVERTER.csproj", "{2950846C-6D6B-48DC-9B4C-FE69724233A2}"
EndProject
Global
	GlobalSection(SolutionConfigurationPlatforms) = preSolution
		Debug|Any CPU = Debug|Any CPU
		Release|Any CPU = Release|Any CPU
	EndGlobalSection
	GlobalSection(ProjectConfigurationPlatforms) = postSolution
		{2950846C-6D6B-48DC-9B4C-FE69724233A2}.Debug|Any CPU.ActiveCfg = Debug|Any CPU
		{2950846C-6D6B-48DC-9B4C-FE69724233A2}.Debug|Any CPU.Build.0 = Debug|Any CPU
		{2950846C-6D6B-48DC-9B4C-FE69724233A2}.Release|Any CPU.ActiveCfg = Release|Any CPU
		{2950846C-6D6B-48DC-9B4C-FE69724233A2}.Release|Any CPU.Build.0 = Release|Any CPU
	EndGlobalSection
	GlobalSection(SolutionProperties) = preSolution
		HideSolutionNode = FALSE
	EndGlobalSection
	GlobalSection(ExtensibilityGlobals) = postSolution
		SolutionGuid = {41B72872-6395-45DE-A485-9D1E69568F19}
	EndGlobalSection
EndGlobal
